
Microsoft Visual Studio Solution File, Format Version 12.00
# Visual Studio Version 17
VisualStudioVersion = 17.0.32126.317
MinimumVisualStudioVersion = 10.0.40219.1
Project("{FAE04EC0-301F-11D3-BF4B-00C04F79EFBC}") = "1.9", "1.9.csproj", "{2ECD5292-F711-4755-88DD-76F17F64F4CE}"
EndProject
Global
	GlobalSection(SolutionConfigurationPlatforms) = preSolution
		Debug|Any CPU = Debug|Any CPU
		Release|Any CPU = Release|Any CPU
	EndGlobalSection
	GlobalSection(ProjectConfigurationPlatforms) = postSolution
		{2ECD5292-F711-4755-88DD-76F17F64F4CE}.Debug|Any CPU.ActiveCfg = Debug|Any CPU
		{2ECD5292-F711-4755-88DD-76F17F64F4CE}.Debug|Any CPU.Build.0 = Debug|Any CPU
		{2ECD5292-F711-4755-88DD-76F17F64F4CE}.Release|Any CPU.ActiveCfg = Release|Any CPU
		{2ECD5292-F711-4755-88DD-76F17F64F4CE}.Release|Any CPU.Build.0 = Release|Any CPU
	EndGlobalSection
	GlobalSection(SolutionProperties) = preSolution
		HideSolutionNode = FALSE
	EndGlobalSection
	GlobalSection(ExtensibilityGlobals) = postSolution
		SolutionGuid = {0DF1EA2A-07DE-4FF9-877A-93975D32C47B}
	EndGlobalSection
EndGlobal
