
Microsoft Visual Studio Solution File, Format Version 12.00
# Visual Studio Version 17
VisualStudioVersion = 17.1.32228.430
MinimumVisualStudioVersion = 10.0.40219.1
Project("{FAE04EC0-301F-11D3-BF4B-00C04F79EFBC}") = "Balls", "Balls\Balls.csproj", "{2D8E8BD8-9836-4501-8B34-EF140DDF606F}"
EndProject
Global
	GlobalSection(SolutionConfigurationPlatforms) = preSolution
		Debug|Any CPU = Debug|Any CPU
		Release|Any CPU = Release|Any CPU
	EndGlobalSection
	GlobalSection(ProjectConfigurationPlatforms) = postSolution
		{2D8E8BD8-9836-4501-8B34-EF140DDF606F}.Debug|Any CPU.ActiveCfg = Debug|Any CPU
		{2D8E8BD8-9836-4501-8B34-EF140DDF606F}.Debug|Any CPU.Build.0 = Debug|Any CPU
		{2D8E8BD8-9836-4501-8B34-EF140DDF606F}.Release|Any CPU.ActiveCfg = Release|Any CPU
		{2D8E8BD8-9836-4501-8B34-EF140DDF606F}.Release|Any CPU.Build.0 = Release|Any CPU
	EndGlobalSection
	GlobalSection(SolutionProperties) = preSolution
		HideSolutionNode = FALSE
	EndGlobalSection
	GlobalSection(ExtensibilityGlobals) = postSolution
		SolutionGuid = {096C2A9B-91D4-45EF-93AE-32127FC5964E}
	EndGlobalSection
EndGlobal
