
Microsoft Visual Studio Solution File, Format Version 12.00
# Visual Studio Version 17
VisualStudioVersion = 17.0.32126.317
MinimumVisualStudioVersion = 10.0.40219.1
Project("{FAE04EC0-301F-11D3-BF4B-00C04F79EFBC}") = "3.4", "3.4.csproj", "{5A31BE0A-D01B-4DA4-98B1-ED22C74C452A}"
EndProject
Global
	GlobalSection(SolutionConfigurationPlatforms) = preSolution
		Debug|Any CPU = Debug|Any CPU
		Release|Any CPU = Release|Any CPU
	EndGlobalSection
	GlobalSection(ProjectConfigurationPlatforms) = postSolution
		{5A31BE0A-D01B-4DA4-98B1-ED22C74C452A}.Debug|Any CPU.ActiveCfg = Debug|Any CPU
		{5A31BE0A-D01B-4DA4-98B1-ED22C74C452A}.Debug|Any CPU.Build.0 = Debug|Any CPU
		{5A31BE0A-D01B-4DA4-98B1-ED22C74C452A}.Release|Any CPU.ActiveCfg = Release|Any CPU
		{5A31BE0A-D01B-4DA4-98B1-ED22C74C452A}.Release|Any CPU.Build.0 = Release|Any CPU
	EndGlobalSection
	GlobalSection(SolutionProperties) = preSolution
		HideSolutionNode = FALSE
	EndGlobalSection
	GlobalSection(ExtensibilityGlobals) = postSolution
		SolutionGuid = {36E3DDD8-7FC0-4DC0-A6BB-888DB4CCE9FF}
	EndGlobalSection
EndGlobal
